
Microsoft Visual Studio Solution File, Format Version 12.00
# Visual Studio Version 17
VisualStudioVersion = 17.2.32616.157
MinimumVisualStudioVersion = 10.0.40219.1
Project("{FAE04EC0-301F-11D3-BF4B-00C04F79EFBC}") = "Api.BlobStorage", "Api.BlobStorage.csproj", "{B7C1BC2B-D3D6-4879-8585-93309207A9F1}"
EndProject
Global
	GlobalSection(SolutionConfigurationPlatforms) = preSolution
		Debug|Any CPU = Debug|Any CPU
		Release|Any CPU = Release|Any CPU
	EndGlobalSection
	GlobalSection(ProjectConfigurationPlatforms) = postSolution
		{B7C1BC2B-D3D6-4879-8585-93309207A9F1}.Debug|Any CPU.ActiveCfg = Debug|Any CPU
		{B7C1BC2B-D3D6-4879-8585-93309207A9F1}.Debug|Any CPU.Build.0 = Debug|Any CPU
		{B7C1BC2B-D3D6-4879-8585-93309207A9F1}.Release|Any CPU.ActiveCfg = Release|Any CPU
		{B7C1BC2B-D3D6-4879-8585-93309207A9F1}.Release|Any CPU.Build.0 = Release|Any CPU
	EndGlobalSection
	GlobalSection(SolutionProperties) = preSolution
		HideSolutionNode = FALSE
	EndGlobalSection
	GlobalSection(ExtensibilityGlobals) = postSolution
		SolutionGuid = {D7069316-6C27-4E4B-B489-188CA256CBF2}
	EndGlobalSection
EndGlobal
